// !$*UTF8*$!
{
	archiveVersion = 1;
	classes = {
	};
	objectVersion = 50;
	objects = {

/* Begin PBXBuildFile section */
		9F1467EA287F48E0006C8AD3 /* AppDelegate.swift in Sources */ = {isa = PBXBuildFile; fileRef = 9F1467E9287F48E0006C8AD3 /* AppDelegate.swift */; };
		9F1467EC287F48E0006C8AD3 /* SceneDelegate.swift in Sources */ = {isa = PBXBuildFile; fileRef = 9F1467EB287F48E0006C8AD3 /* SceneDelegate.swift */; };
		9F1467EE287F48E0006C8AD3 /* ContentView.swift in Sources */ = {isa = PBXBuildFile; fileRef = 9F1467ED287F48E0006C8AD3 /* ContentView.swift */; };
		9F1467F0287F48E1006C8AD3 /* Assets.xcassets in Resources */ = {isa = PBXBuildFile; fileRef = 9F1467EF287F48E1006C8AD3 /* Assets.xcassets */; };
		9F1467F3287F48E1006C8AD3 /* Preview Assets.xcassets in Resources */ = {isa = PBXBuildFile; fileRef = 9F1467F2287F48E1006C8AD3 /* Preview Assets.xcassets */; };
		9F1467F6287F48E1006C8AD3 /* LaunchScreen.storyboard in Resources */ = {isa = PBXBuildFile; fileRef = 9F1467F4287F48E1006C8AD3 /* LaunchScreen.storyboard */; };
		9F146801287F48E1006C8AD3 /* Weather_SwiftUITests.swift in Sources */ = {isa = PBXBuildFile; fileRef = 9F146800287F48E1006C8AD3 /* Weather_SwiftUITests.swift */; };
		9F14680C287F48E1006C8AD3 /* Weather_SwiftUIUITests.swift in Sources */ = {isa = PBXBuildFile; fileRef = 9F14680B287F48E1006C8AD3 /* Weather_SwiftUIUITests.swift */; };
/* End PBXBuildFile section */

/* Begin PBXContainerItemProxy section */
		9F1467FD287F48E1006C8AD3 /* PBXContainerItemProxy */ = {
			isa = PBXContainerItemProxy;
			containerPortal = 9F1467DE287F48E0006C8AD3 /* Project object */;
			proxyType = 1;
			remoteGlobalIDString = 9F1467E5287F48E0006C8AD3;
			remoteInfo = "Weather-SwiftUI";
		};
		9F146808287F48E1006C8AD3 /* PBXContainerItemProxy */ = {
			isa = PBXContainerItemProxy;
			containerPortal = 9F1467DE287F48E0006C8AD3 /* Project object */;
			proxyType = 1;
			remoteGlobalIDString = 9F1467E5287F48E0006C8AD3;
			remoteInfo = "Weather-SwiftUI";
		};
/* End PBXContainerItemProxy section */

/* Begin PBXFileReference section */
		9F1467E6287F48E0006C8AD3 /* Weather-SwiftUI.app */ = {isa = PBXFileReference; explicitFileType = wrapper.application; includeInIndex = 0; path = "Weather-SwiftUI.app"; sourceTree = BUILT_PRODUCTS_DIR; };
		9F1467E9287F48E0006C8AD3 /* AppDelegate.swift */ = {isa = PBXFileReference; lastKnownFileType = sourcecode.swift; path = AppDelegate.swift; sourceTree = "<group>"; };
		9F1467EB287F48E0006C8AD3 /* SceneDelegate.swift */ = {isa = PBXFileReference; lastKnownFileType = sourcecode.swift; path = SceneDelegate.swift; sourceTree = "<group>"; };
		9F1467ED287F48E0006C8AD3 /* ContentView.swift */ = {isa = PBXFileReference; lastKnownFileType = sourcecode.swift; path = ContentView.swift; sourceTree = "<group>"; };
		9F1467EF287F48E1006C8AD3 /* Assets.xcassets */ = {isa = PBXFileReference; lastKnownFileType = folder.assetcatalog; path = Assets.xcassets; sourceTree = "<group>"; };
		9F1467F2287F48E1006C8AD3 /* Preview Assets.xcassets */ = {isa = PBXFileReference; lastKnownFileType = folder.assetcatalog; path = "Preview Assets.xcassets"; sourceTree = "<group>"; };
		9F1467F5287F48E1006C8AD3 /* Base */ = {isa = PBXFileReference; lastKnownFileType = file.storyboard; name = Base; path = Base.lproj/LaunchScreen.storyboard; sourceTree = "<group>"; };
		9F1467F7287F48E1006C8AD3 /* Info.plist */ = {isa = PBXFileReference; lastKnownFileType = text.plist.xml; path = Info.plist; sourceTree = "<group>"; };
		9F1467FC287F48E1006C8AD3 /* Weather-SwiftUITests.xctest */ = {isa = PBXFileReference; explicitFileType = wrapper.cfbundle; includeInIndex = 0; path = "Weather-SwiftUITests.xctest"; sourceTree = BUILT_PRODUCTS_DIR; };
		9F146800287F48E1006C8AD3 /* Weather_SwiftUITests.swift */ = {isa = PBXFileReference; lastKnownFileType = sourcecode.swift; path = Weather_SwiftUITests.swift; sourceTree = "<group>"; };
		9F146802287F48E1006C8AD3 /* Info.plist */ = {isa = PBXFileReference; lastKnownFileType = text.plist.xml; path = Info.plist; sourceTree = "<group>"; };
		9F146807287F48E1006C8AD3 /* Weather-SwiftUIUITests.xctest */ = {isa = PBXFileReference; explicitFileType = wrapper.cfbundle; includeInIndex = 0; path = "Weather-SwiftUIUITests.xctest"; sourceTree = BUILT_PRODUCTS_DIR; };
		9F14680B287F48E1006C8AD3 /* Weather_SwiftUIUITests.swift */ = {isa = PBXFileReference; lastKnownFileType = sourcecode.swift; path = Weather_SwiftUIUITests.swift; sourceTree = "<group>"; };
		9F14680D287F48E1006C8AD3 /* Info.plist */ = {isa = PBXFileReference; lastKnownFileType = text.plist.xml; path = Info.plist; sourceTree = "<group>"; };
/* End PBXFileReference section */

/* Begin PBXFrameworksBuildPhase section */
		9F1467E3287F48E0006C8AD3 /* Frameworks */ = {
			isa = PBXFrameworksBuildPhase;
			buildActionMask = 2147483647;
			files = (
			);
			runOnlyForDeploymentPostprocessing = 0;
		};
		9F1467F9287F48E1006C8AD3 /* Frameworks */ = {
			isa = PBXFrameworksBuildPhase;
			buildActionMask = 2147483647;
			files = (
			);
			runOnlyForDeploymentPostprocessing = 0;
		};
		9F146804287F48E1006C8AD3 /* Frameworks */ = {
			isa = PBXFrameworksBuildPhase;
			buildActionMask = 2147483647;
			files = (
			);
			runOnlyForDeploymentPostprocessing = 0;
		};
/* End PBXFrameworksBuildPhase section */

/* Begin PBXGroup section */
		9F1467DD287F48E0006C8AD3 = {
			isa = PBXGroup;
			children = (
				9F1467E8287F48E0006C8AD3 /* Weather-SwiftUI */,
				9F1467FF287F48E1006C8AD3 /* Weather-SwiftUITests */,
				9F14680A287F48E1006C8AD3 /* Weather-SwiftUIUITests */,
				9F1467E7287F48E0006C8AD3 /* Products */,
			);
			sourceTree = "<group>";
		};
		9F1467E7287F48E0006C8AD3 /* Products */ = {
			isa = PBXGroup;
			children = (
				9F1467E6287F48E0006C8AD3 /* Weather-SwiftUI.app */,
				9F1467FC287F48E1006C8AD3 /* Weather-SwiftUITests.xctest */,
				9F146807287F48E1006C8AD3 /* Weather-SwiftUIUITests.xctest */,
			);
			name = Products;
			sourceTree = "<group>";
		};
		9F1467E8287F48E0006C8AD3 /* Weather-SwiftUI */ = {
			isa = PBXGroup;
			children = (
				9F1467E9287F48E0006C8AD3 /* AppDelegate.swift */,
				9F1467EB287F48E0006C8AD3 /* SceneDelegate.swift */,
				9F1467ED287F48E0006C8AD3 /* ContentView.swift */,
				9F1467EF287F48E1006C8AD3 /* Assets.xcassets */,
				9F1467F4287F48E1006C8AD3 /* LaunchScreen.storyboard */,
				9F1467F7287F48E1006C8AD3 /* Info.plist */,
				9F1467F1287F48E1006C8AD3 /* Preview Content */,
			);
			path = "Weather-SwiftUI";
			sourceTree = "<group>";
		};
		9F1467F1287F48E1006C8AD3 /* Preview Content */ = {
			isa = PBXGroup;
			children = (
				9F1467F2287F48E1006C8AD3 /* Preview Assets.xcassets */,
			);
			path = "Preview Content";
			sourceTree = "<group>";
		};
		9F1467FF287F48E1006C8AD3 /* Weather-SwiftUITests */ = {
			isa = PBXGroup;
			children = (
				9F146800287F48E1006C8AD3 /* Weather_SwiftUITests.swift */,
				9F146802287F48E1006C8AD3 /* Info.plist */,
			);
			path = "Weather-SwiftUITests";
			sourceTree = "<group>";
		};
		9F14680A287F48E1006C8AD3 /* Weather-SwiftUIUITests */ = {
			isa = PBXGroup;
			children = (
				9F14680B287F48E1006C8AD3 /* Weather_SwiftUIUITests.swift */,
				9F14680D287F48E1006C8AD3 /* Info.plist */,
			);
			path = "Weather-SwiftUIUITests";
			sourceTree = "<group>";
		};
/* End PBXGroup section */

/* Begin PBXNativeTarget section */
		9F1467E5287F48E0006C8AD3 /* Weather-SwiftUI */ = {
			isa = PBXNativeTarget;
			buildConfigurationList = 9F146810287F48E1006C8AD3 /* Build configuration list for PBXNativeTarget "Weather-SwiftUI" */;
			buildPhases = (
				9F1467E2287F48E0006C8AD3 /* Sources */,
				9F1467E3287F48E0006C8AD3 /* Frameworks */,
				9F1467E4287F48E0006C8AD3 /* Resources */,
			);
			buildRules = (
			);
			dependencies = (
			);
			name = "Weather-SwiftUI";
			productName = "Weather-SwiftUI";
			productReference = 9F1467E6287F48E0006C8AD3 /* Weather-SwiftUI.app */;
			productType = "com.apple.product-type.application";
		};
		9F1467FB287F48E1006C8AD3 /* Weather-SwiftUITests */ = {
			isa = PBXNativeTarget;
			buildConfigurationList = 9F146813287F48E1006C8AD3 /* Build configuration list for PBXNativeTarget "Weather-SwiftUITests" */;
			buildPhases = (
				9F1467F8287F48E1006C8AD3 /* Sources */,
				9F1467F9287F48E1006C8AD3 /* Frameworks */,
				9F1467FA287F48E1006C8AD3 /* Resources */,
			);
			buildRules = (
			);
			dependencies = (
				9F1467FE287F48E1006C8AD3 /* PBXTargetDependency */,
			);
			name = "Weather-SwiftUITests";
			productName = "Weather-SwiftUITests";
			productReference = 9F1467FC287F48E1006C8AD3 /* Weather-SwiftUITests.xctest */;
			productType = "com.apple.product-type.bundle.unit-test";
		};
		9F146806287F48E1006C8AD3 /* Weather-SwiftUIUITests */ = {
			isa = PBXNativeTarget;
			buildConfigurationList = 9F146816287F48E1006C8AD3 /* Build configuration list for PBXNativeTarget "Weather-SwiftUIUITests" */;
			buildPhases = (
				9F146803287F48E1006C8AD3 /* Sources */,
				9F146804287F48E1006C8AD3 /* Frameworks */,
				9F146805287F48E1006C8AD3 /* Resources */,
			);
			buildRules = (
			);
			dependencies = (
				9F146809287F48E1006C8AD3 /* PBXTargetDependency */,
			);
			name = "Weather-SwiftUIUITests";
			productName = "Weather-SwiftUIUITests";
			productReference = 9F146807287F48E1006C8AD3 /* Weather-SwiftUIUITests.xctest */;
			productType = "com.apple.product-type.bundle.ui-testing";
		};
/* End PBXNativeTarget section */

/* Begin PBXProject section */
		9F1467DE287F48E0006C8AD3 /* Project object */ = {
			isa = PBXProject;
			attributes = {
				LastSwiftUpdateCheck = 1250;
				LastUpgradeCheck = 1250;
				TargetAttributes = {
					9F1467E5287F48E0006C8AD3 = {
						CreatedOnToolsVersion = 12.5.1;
					};
					9F1467FB287F48E1006C8AD3 = {
						CreatedOnToolsVersion = 12.5.1;
						TestTargetID = 9F1467E5287F48E0006C8AD3;
					};
					9F146806287F48E1006C8AD3 = {
						CreatedOnToolsVersion = 12.5.1;
						TestTargetID = 9F1467E5287F48E0006C8AD3;
					};
				};
			};
			buildConfigurationList = 9F1467E1287F48E0006C8AD3 /* Build configuration list for PBXProject "Weather-SwiftUI" */;
			compatibilityVersion = "Xcode 9.3";
			developmentRegion = en;
			hasScannedForEncodings = 0;
			knownRegions = (
				en,
				Base,
			);
			mainGroup = 9F1467DD287F48E0006C8AD3;
			productRefGroup = 9F1467E7287F48E0006C8AD3 /* Products */;
			projectDirPath = "";
			projectRoot = "";
			targets = (
				9F1467E5287F48E0006C8AD3 /* Weather-SwiftUI */,
				9F1467FB287F48E1006C8AD3 /* Weather-SwiftUITests */,
				9F146806287F48E1006C8AD3 /* Weather-SwiftUIUITests */,
			);
		};
/* End PBXProject section */

/* Begin PBXResourcesBuildPhase section */
		9F1467E4287F48E0006C8AD3 /* Resources */ = {
			isa = PBXResourcesBuildPhase;
			buildActionMask = 2147483647;
			files = (
				9F1467F6287F48E1006C8AD3 /* LaunchScreen.storyboard in Resources */,
				9F1467F3287F48E1006C8AD3 /* Preview Assets.xcassets in Resources */,
				9F1467F0287F48E1006C8AD3 /* Assets.xcassets in Resources */,
			);
			runOnlyForDeploymentPostprocessing = 0;
		};
		9F1467FA287F48E1006C8AD3 /* Resources */ = {
			isa = PBXResourcesBuildPhase;
			buildActionMask = 2147483647;
			files = (
			);
			runOnlyForDeploymentPostprocessing = 0;
		};
		9F146805287F48E1006C8AD3 /* Resources */ = {
			isa = PBXResourcesBuildPhase;
			buildActionMask = 2147483647;
			files = (
			);
			runOnlyForDeploymentPostprocessing = 0;
		};
/* End PBXResourcesBuildPhase section */

/* Begin PBXSourcesBuildPhase section */
		9F1467E2287F48E0006C8AD3 /* Sources */ = {
			isa = PBXSourcesBuildPhase;
			buildActionMask = 2147483647;
			files = (
				9F1467EA287F48E0006C8AD3 /* AppDelegate.swift in Sources */,
				9F1467EC287F48E0006C8AD3 /* SceneDelegate.swift in Sources */,
				9F1467EE287F48E0006C8AD3 /* ContentView.swift in Sources */,
			);
			runOnlyForDeploymentPostprocessing = 0;
		};
		9F1467F8287F48E1006C8AD3 /* Sources */ = {
			isa = PBXSourcesBuildPhase;
			buildActionMask = 2147483647;
			files = (
				9F146801287F48E1006C8AD3 /* Weather_SwiftUITests.swift in Sources */,
			);
			runOnlyForDeploymentPostprocessing = 0;
		};
		9F146803287F48E1006C8AD3 /* Sources */ = {
			isa = PBXSourcesBuildPhase;
			buildActionMask = 2147483647;
			files = (
				9F14680C287F48E1006C8AD3 /* Weather_SwiftUIUITests.swift in Sources */,
			);
			runOnlyForDeploymentPostprocessing = 0;
		};
/* End PBXSourcesBuildPhase section */

/* Begin PBXTargetDependency section */
		9F1467FE287F48E1006C8AD3 /* PBXTargetDependency */ = {
			isa = PBXTargetDependency;
			target = 9F1467E5287F48E0006C8AD3 /* Weather-SwiftUI */;
			targetProxy = 9F1467FD287F48E1006C8AD3 /* PBXContainerItemProxy */;
		};
		9F146809287F48E1006C8AD3 /* PBXTargetDependency */ = {
			isa = PBXTargetDependency;
			target = 9F1467E5287F48E0006C8AD3 /* Weather-SwiftUI */;
			targetProxy = 9F146808287F48E1006C8AD3 /* PBXContainerItemProxy */;
		};
/* End PBXTargetDependency section */

/* Begin PBXVariantGroup section */
		9F1467F4287F48E1006C8AD3 /* LaunchScreen.storyboard */ = {
			isa = PBXVariantGroup;
			children = (
				9F1467F5287F48E1006C8AD3 /* Base */,
			);
			name = LaunchScreen.storyboard;
			sourceTree = "<group>";
		};
/* End PBXVariantGroup section */

/* Begin XCBuildConfiguration section */
		9F14680E287F48E1006C8AD3 /* Debug */ = {
			isa = XCBuildConfiguration;
			buildSettings = {
				ALWAYS_SEARCH_USER_PATHS = NO;
				CLANG_ANALYZER_NONNULL = YES;
				CLANG_ANALYZER_NUMBER_OBJECT_CONVERSION = YES_AGGRESSIVE;
				CLANG_CXX_LANGUAGE_STANDARD = "gnu++14";
				CLANG_CXX_LIBRARY = "libc++";
				CLANG_ENABLE_MODULES = YES;
				CLANG_ENABLE_OBJC_ARC = YES;
				CLANG_ENABLE_OBJC_WEAK = YES;
				CLANG_WARN_BLOCK_CAPTURE_AUTORELEASING = YES;
				CLANG_WARN_BOOL_CONVERSION = YES;
				CLANG_WARN_COMMA = YES;
				CLANG_WARN_CONSTANT_CONVERSION = YES;
				CLANG_WARN_DEPRECATED_OBJC_IMPLEMENTATIONS = YES;
				CLANG_WARN_DIRECT_OBJC_ISA_USAGE = YES_ERROR;
				CLANG_WARN_DOCUMENTATION_COMMENTS = YES;
				CLANG_WARN_EMPTY_BODY = YES;
				CLANG_WARN_ENUM_CONVERSION = YES;
				CLANG_WARN_INFINITE_RECURSION = YES;
				CLANG_WARN_INT_CONVERSION = YES;
				CLANG_WARN_NON_LITERAL_NULL_CONVERSION = YES;
				CLANG_WARN_OBJC_IMPLICIT_RETAIN_SELF = YES;
				CLANG_WARN_OBJC_LITERAL_CONVERSION = YES;
				CLANG_WARN_OBJC_ROOT_CLASS = YES_ERROR;
				CLANG_WARN_QUOTED_INCLUDE_IN_FRAMEWORK_HEADER = YES;
				CLANG_WARN_RANGE_LOOP_ANALYSIS = YES;
				CLANG_WARN_STRICT_PROTOTYPES = YES;
				CLANG_WARN_SUSPICIOUS_MOVE = YES;
				CLANG_WARN_UNGUARDED_AVAILABILITY = YES_AGGRESSIVE;
				CLANG_WARN_UNREACHABLE_CODE = YES;
				CLANG_WARN__DUPLICATE_METHOD_MATCH = YES;
				COPY_PHASE_STRIP = NO;
				DEBUG_INFORMATION_FORMAT = dwarf;
				ENABLE_STRICT_OBJC_MSGSEND = YES;
				ENABLE_TESTABILITY = YES;
				GCC_C_LANGUAGE_STANDARD = gnu11;
				GCC_DYNAMIC_NO_PIC = NO;
				GCC_NO_COMMON_BLOCKS = YES;
				GCC_OPTIMIZATION_LEVEL = 0;
				GCC_PREPROCESSOR_DEFINITIONS = (
					"DEBUG=1",
					"$(inherited)",
				);
				GCC_WARN_64_TO_32_BIT_CONVERSION = YES;
				GCC_WARN_ABOUT_RETURN_TYPE = YES_ERROR;
				GCC_WARN_UNDECLARED_SELECTOR = YES;
				GCC_WARN_UNINITIALIZED_AUTOS = YES_AGGRESSIVE;
				GCC_WARN_UNUSED_FUNCTION = YES;
				GCC_WARN_UNUSED_VARIABLE = YES;
				IPHONEOS_DEPLOYMENT_TARGET = 14.5;
				MTL_ENABLE_DEBUG_INFO = INCLUDE_SOURCE;
				MTL_FAST_MATH = YES;
				ONLY_ACTIVE_ARCH = YES;
				SDKROOT = iphoneos;
				SWIFT_ACTIVE_COMPILATION_CONDITIONS = DEBUG;
				SWIFT_OPTIMIZATION_LEVEL = "-Onone";
			};
			name = Debug;
		};
		9F14680F287F48E1006C8AD3 /* Release */ = {
			isa = XCBuildConfiguration;
			buildSettings = {
				ALWAYS_SEARCH_USER_PATHS = NO;
				CLANG_ANALYZER_NONNULL = YES;
				CLANG_ANALYZER_NUMBER_OBJECT_CONVERSION = YES_AGGRESSIVE;
				CLANG_CXX_LANGUAGE_STANDARD = "gnu++14";
				CLANG_CXX_LIBRARY = "libc++";
				CLANG_ENABLE_MODULES = YES;
				CLANG_ENABLE_OBJC_ARC = YES;
				CLANG_ENABLE_OBJC_WEAK = YES;
				CLANG_WARN_BLOCK_CAPTURE_AUTORELEASING = YES;
				CLANG_WARN_BOOL_CONVERSION = YES;
				CLANG_WARN_COMMA = YES;
				CLANG_WARN_CONSTANT_CONVERSION = YES;
				CLANG_WARN_DEPRECATED_OBJC_IMPLEMENTATIONS = YES;
				CLANG_WARN_DIRECT_OBJC_ISA_USAGE = YES_ERROR;
				CLANG_WARN_DOCUMENTATION_COMMENTS = YES;
				CLANG_WARN_EMPTY_BODY = YES;
				CLANG_WARN_ENUM_CONVERSION = YES;
				CLANG_WARN_INFINITE_RECURSION = YES;
				CLANG_WARN_INT_CONVERSION = YES;
				CLANG_WARN_NON_LITERAL_NULL_CONVERSION = YES;
				CLANG_WARN_OBJC_IMPLICIT_RETAIN_SELF = YES;
				CLANG_WARN_OBJC_LITERAL_CONVERSION = YES;
				CLANG_WARN_OBJC_ROOT_CLASS = YES_ERROR;
				CLANG_WARN_QUOTED_INCLUDE_IN_FRAMEWORK_HEADER = YES;
				CLANG_WARN_RANGE_LOOP_ANALYSIS = YES;
				CLANG_WARN_STRICT_PROTOTYPES = YES;
				CLANG_WARN_SUSPICIOUS_MOVE = YES;
				CLANG_WARN_UNGUARDED_AVAILABILITY = YES_AGGRESSIVE;
				CLANG_WARN_UNREACHABLE_CODE = YES;
				CLANG_WARN__DUPLICATE_METHOD_MATCH = YES;
				COPY_PHASE_STRIP = NO;
				DEBUG_INFORMATION_FORMAT = "dwarf-with-dsym";
				ENABLE_NS_ASSERTIONS = NO;
				ENABLE_STRICT_OBJC_MSGSEND = YES;
				GCC_C_LANGUAGE_STANDARD = gnu11;
				GCC_NO_COMMON_BLOCKS = YES;
				GCC_WARN_64_TO_32_BIT_CONVERSION = YES;
				GCC_WARN_ABOUT_RETURN_TYPE = YES_ERROR;
				GCC_WARN_UNDECLARED_SELECTOR = YES;
				GCC_WARN_UNINITIALIZED_AUTOS = YES_AGGRESSIVE;
				GCC_WARN_UNUSED_FUNCTION = YES;
				GCC_WARN_UNUSED_VARIABLE = YES;
				IPHONEOS_DEPLOYMENT_TARGET = 14.5;
				MTL_ENABLE_DEBUG_INFO = NO;
				MTL_FAST_MATH = YES;
				SDKROOT = iphoneos;
				SWIFT_COMPILATION_MODE = wholemodule;
				SWIFT_OPTIMIZATION_LEVEL = "-O";
				VALIDATE_PRODUCT = YES;
			};
			name = Release;
		};
		9F146811287F48E1006C8AD3 /* Debug */ = {
			isa = XCBuildConfiguration;
			buildSettings = {
				ASSETCATALOG_COMPILER_APPICON_NAME = AppIcon;
				ASSETCATALOG_COMPILER_GLOBAL_ACCENT_COLOR_NAME = AccentColor;
				CODE_SIGN_STYLE = Automatic;
				DEVELOPMENT_ASSET_PATHS = "\"Weather-SwiftUI/Preview Content\"";
				ENABLE_PREVIEWS = YES;
				INFOPLIST_FILE = "Weather-SwiftUI/Info.plist";
				LD_RUNPATH_SEARCH_PATHS = (
					"$(inherited)",
					"@executable_path/Frameworks",
				);
				PRODUCT_BUNDLE_IDENTIFIER = "Waukesha-North.Weather-SwiftUI";
				PRODUCT_NAME = "$(TARGET_NAME)";
				SWIFT_VERSION = 5.0;
				TARGETED_DEVICE_FAMILY = "1,2";
			};
			name = Debug;
		};
		9F146812287F48E1006C8AD3 /* Release */ = {
			isa = XCBuildConfiguration;
			buildSettings = {
				ASSETCATALOG_COMPILER_APPICON_NAME = AppIcon;
				ASSETCATALOG_COMPILER_GLOBAL_ACCENT_COLOR_NAME = AccentColor;
				CODE_SIGN_STYLE = Automatic;
				DEVELOPMENT_ASSET_PATHS = "\"Weather-SwiftUI/Preview Content\"";
				ENABLE_PREVIEWS = YES;
				INFOPLIST_FILE = "Weather-SwiftUI/Info.plist";
				LD_RUNPATH_SEARCH_PATHS = (
					"$(inherited)",
					"@executable_path/Frameworks",
				);
				PRODUCT_BUNDLE_IDENTIFIER = "Waukesha-North.Weather-SwiftUI";
				PRODUCT_NAME = "$(TARGET_NAME)";
				SWIFT_VERSION = 5.0;
				TARGETED_DEVICE_FAMILY = "1,2";
			};
			name = Release;
		};
		9F146814287F48E1006C8AD3 /* Debug */ = {
			isa = XCBuildConfiguration;
			buildSettings = {
				ALWAYS_EMBED_SWIFT_STANDARD_LIBRARIES = YES;
				BUNDLE_LOADER = "$(TEST_HOST)";
				CODE_SIGN_STYLE = Automatic;
				INFOPLIST_FILE = "Weather-SwiftUITests/Info.plist";
				IPHONEOS_DEPLOYMENT_TARGET = 14.5;
				LD_RUNPATH_SEARCH_PATHS = (
					"$(inherited)",
					"@executable_path/Frameworks",
					"@loader_path/Frameworks",
				);
				PRODUCT_BUNDLE_IDENTIFIER = "Waukesha-North.Weather-SwiftUITests";
				PRODUCT_NAME = "$(TARGET_NAME)";
				SWIFT_VERSION = 5.0;
				TARGETED_DEVICE_FAMILY = "1,2";
				TEST_HOST = "$(BUILT_PRODUCTS_DIR)/Weather-SwiftUI.app/Weather-SwiftUI";
			};
			name = Debug;
		};
		9F146815287F48E1006C8AD3 /* Release */ = {
			isa = XCBuildConfiguration;
			buildSettings = {
				ALWAYS_EMBED_SWIFT_STANDARD_LIBRARIES = YES;
				BUNDLE_LOADER = "$(TEST_HOST)";
				CODE_SIGN_STYLE = Automatic;
				INFOPLIST_FILE = "Weather-SwiftUITests/Info.plist";
				IPHONEOS_DEPLOYMENT_TARGET = 14.5;
				LD_RUNPATH_SEARCH_PATHS = (
					"$(inherited)",
					"@executable_path/Frameworks",
					"@loader_path/Frameworks",
				);
				PRODUCT_BUNDLE_IDENTIFIER = "Waukesha-North.Weather-SwiftUITests";
				PRODUCT_NAME = "$(TARGET_NAME)";
				SWIFT_VERSION = 5.0;
				TARGETED_DEVICE_FAMILY = "1,2";
				TEST_HOST = "$(BUILT_PRODUCTS_DIR)/Weather-SwiftUI.app/Weather-SwiftUI";
			};
			name = Release;
		};
		9F146817287F48E1006C8AD3 /* Debug */ = {
			isa = XCBuildConfiguration;
			buildSettings = {
				ALWAYS_EMBED_SWIFT_STANDARD_LIBRARIES = YES;
				CODE_SIGN_STYLE = Automatic;
				INFOPLIST_FILE = "Weather-SwiftUIUITests/Info.plist";
				LD_RUNPATH_SEARCH_PATHS = (
					"$(inherited)",
					"@executable_path/Frameworks",
					"@loader_path/Frameworks",
				);
				PRODUCT_BUNDLE_IDENTIFIER = "Waukesha-North.Weather-SwiftUIUITests";
				PRODUCT_NAME = "$(TARGET_NAME)";
				SWIFT_VERSION = 5.0;
				TARGETED_DEVICE_FAMILY = "1,2";
				TEST_TARGET_NAME = "Weather-SwiftUI";
			};
			name = Debug;
		};
		9F146818287F48E1006C8AD3 /* Release */ = {
			isa = XCBuildConfiguration;
			buildSettings = {
				ALWAYS_EMBED_SWIFT_STANDARD_LIBRARIES = YES;
				CODE_SIGN_STYLE = Automatic;
				INFOPLIST_FILE = "Weather-SwiftUIUITests/Info.plist";
				LD_RUNPATH_SEARCH_PATHS = (
					"$(inherited)",
					"@executable_path/Frameworks",
					"@loader_path/Frameworks",
				);
				PRODUCT_BUNDLE_IDENTIFIER = "Waukesha-North.Weather-SwiftUIUITests";
				PRODUCT_NAME = "$(TARGET_NAME)";
				SWIFT_VERSION = 5.0;
				TARGETED_DEVICE_FAMILY = "1,2";
				TEST_TARGET_NAME = "Weather-SwiftUI";
			};
			name = Release;
		};
/* End XCBuildConfiguration section */

/* Begin XCConfigurationList section */
		9F1467E1287F48E0006C8AD3 /* Build configuration list for PBXProject "Weather-SwiftUI" */ = {
			isa = XCConfigurationList;
			buildConfigurations = (
				9F14680E287F48E1006C8AD3 /* Debug */,
				9F14680F287F48E1006C8AD3 /* Release */,
			);
			defaultConfigurationIsVisible = 0;
			defaultConfigurationName = Release;
		};
		9F146810287F48E1006C8AD3 /* Build configuration list for PBXNativeTarget "Weather-SwiftUI" */ = {
			isa = XCConfigurationList;
			buildConfigurations = (
				9F146811287F48E1006C8AD3 /* Debug */,
				9F146812287F48E1006C8AD3 /* Release */,
			);
			defaultConfigurationIsVisible = 0;
			defaultConfigurationName = Release;
		};
		9F146813287F48E1006C8AD3 /* Build configuration list for PBXNativeTarget "Weather-SwiftUITests" */ = {
			isa = XCConfigurationList;
			buildConfigurations = (
				9F146814287F48E1006C8AD3 /* Debug */,
				9F146815287F48E1006C8AD3 /* Release */,
			);
			defaultConfigurationIsVisible = 0;
			defaultConfigurationName = Release;
		};
		9F146816287F48E1006C8AD3 /* Build configuration list for PBXNativeTarget "Weather-SwiftUIUITests" */ = {
			isa = XCConfigurationList;
			buildConfigurations = (
				9F146817287F48E1006C8AD3 /* Debug */,
				9F146818287F48E1006C8AD3 /* Release */,
			);
			defaultConfigurationIsVisible = 0;
			defaultConfigurationName = Release;
		};
/* End XCConfigurationList section */
	};
	rootObject = 9F1467DE287F48E0006C8AD3 /* Project object */;
}
